// !$*UTF8*$!
{
	archiveVersion = 1;
	classes = {
	};
	objectVersion = 46;
	objects = {

/* Begin PBXBuildFile section */
		1A7E9D7513DFA0710006FCFA /* KSAUGraphNode.m in Sources */ = {isa = PBXBuildFile; fileRef = 1A7E9D7413DFA0710006FCFA /* KSAUGraphNode.m */; };
		915454AC13E12E0B00603C58 /* analog_rest.caf in Resources */ = {isa = PBXBuildFile; fileRef = 915454AB13E12E0B00603C58 /* analog_rest.caf */; };
		915454AE13E1360F00603C58 /* real_tock.caf in Resources */ = {isa = PBXBuildFile; fileRef = 915454AD13E1360F00603C58 /* real_tock.caf */; };
		91C5C78F13DEF908002004A8 /* UIKit.framework in Frameworks */ = {isa = PBXBuildFile; fileRef = 91C5C78E13DEF908002004A8 /* UIKit.framework */; };
		91C5C79113DEF908002004A8 /* Foundation.framework in Frameworks */ = {isa = PBXBuildFile; fileRef = 91C5C79013DEF908002004A8 /* Foundation.framework */; };
		91C5C79313DEF908002004A8 /* CoreGraphics.framework in Frameworks */ = {isa = PBXBuildFile; fileRef = 91C5C79213DEF908002004A8 /* CoreGraphics.framework */; };
		91C5C79913DEF908002004A8 /* InfoPlist.strings in Resources */ = {isa = PBXBuildFile; fileRef = 91C5C79713DEF908002004A8 /* InfoPlist.strings */; };
		91C5C79C13DEF908002004A8 /* main.m in Sources */ = {isa = PBXBuildFile; fileRef = 91C5C79B13DEF908002004A8 /* main.m */; };
		91C5C79F13DEF908002004A8 /* KSAUGraphAppDelegate.m in Sources */ = {isa = PBXBuildFile; fileRef = 91C5C79E13DEF908002004A8 /* KSAUGraphAppDelegate.m */; };
		91C5C7A213DEF908002004A8 /* MainWindow.xib in Resources */ = {isa = PBXBuildFile; fileRef = 91C5C7A013DEF908002004A8 /* MainWindow.xib */; };
		91C5C7A513DEF908002004A8 /* KSAUGraphViewController.m in Sources */ = {isa = PBXBuildFile; fileRef = 91C5C7A413DEF908002004A8 /* KSAUGraphViewController.m */; };
		91C5C7A813DEF908002004A8 /* KSAUGraphViewController.xib in Resources */ = {isa = PBXBuildFile; fileRef = 91C5C7A613DEF908002004A8 /* KSAUGraphViewController.xib */; };
		91C5C7B013DEF9EE002004A8 /* KSAUGraphManager.m in Sources */ = {isa = PBXBuildFile; fileRef = 91C5C7AF13DEF9EE002004A8 /* KSAUGraphManager.m */; };
		91C5C7B713DEFD00002004A8 /* iPhoneCoreAudio.m in Sources */ = {isa = PBXBuildFile; fileRef = 91C5C7B613DEFD00002004A8 /* iPhoneCoreAudio.m */; };
		91C5C7B913DF036D002004A8 /* AudioToolbox.framework in Frameworks */ = {isa = PBXBuildFile; fileRef = 91C5C7B813DF036D002004A8 /* AudioToolbox.framework */; };
/* End PBXBuildFile section */

/* Begin PBXFileReference section */
		1A7E9D7313DFA0710006FCFA /* KSAUGraphNode.h */ = {isa = PBXFileReference; fileEncoding = 4; lastKnownFileType = sourcecode.c.h; name = KSAUGraphNode.h; path = KSAUGraph/KSAUGraphNode.h; sourceTree = "<group>"; };
		1A7E9D7413DFA0710006FCFA /* KSAUGraphNode.m */ = {isa = PBXFileReference; fileEncoding = 4; lastKnownFileType = sourcecode.c.objc; name = KSAUGraphNode.m; path = KSAUGraph/KSAUGraphNode.m; sourceTree = "<group>"; };
		915454AB13E12E0B00603C58 /* analog_rest.caf */ = {isa = PBXFileReference; lastKnownFileType = file; path = analog_rest.caf; sourceTree = "<group>"; };
		915454AD13E1360F00603C58 /* real_tock.caf */ = {isa = PBXFileReference; lastKnownFileType = file; path = real_tock.caf; sourceTree = "<group>"; };
		91C5C78A13DEF908002004A8 /* KSAUGraph.app */ = {isa = PBXFileReference; explicitFileType = wrapper.application; includeInIndex = 0; path = KSAUGraph.app; sourceTree = BUILT_PRODUCTS_DIR; };
		91C5C78E13DEF908002004A8 /* UIKit.framework */ = {isa = PBXFileReference; lastKnownFileType = wrapper.framework; name = UIKit.framework; path = System/Library/Frameworks/UIKit.framework; sourceTree = SDKROOT; };
		91C5C79013DEF908002004A8 /* Foundation.framework */ = {isa = PBXFileReference; lastKnownFileType = wrapper.framework; name = Foundation.framework; path = System/Library/Frameworks/Foundation.framework; sourceTree = SDKROOT; };
		91C5C79213DEF908002004A8 /* CoreGraphics.framework */ = {isa = PBXFileReference; lastKnownFileType = wrapper.framework; name = CoreGraphics.framework; path = System/Library/Frameworks/CoreGraphics.framework; sourceTree = SDKROOT; };
		91C5C79613DEF908002004A8 /* KSAUGraph-Info.plist */ = {isa = PBXFileReference; lastKnownFileType = text.plist.xml; path = "KSAUGraph-Info.plist"; sourceTree = "<group>"; };
		91C5C79813DEF908002004A8 /* en */ = {isa = PBXFileReference; lastKnownFileType = text.plist.strings; name = en; path = en.lproj/InfoPlist.strings; sourceTree = "<group>"; };
		91C5C79A13DEF908002004A8 /* KSAUGraph-Prefix.pch */ = {isa = PBXFileReference; lastKnownFileType = sourcecode.c.h; path = "KSAUGraph-Prefix.pch"; sourceTree = "<group>"; };
		91C5C79B13DEF908002004A8 /* main.m */ = {isa = PBXFileReference; lastKnownFileType = sourcecode.c.objc; path = main.m; sourceTree = "<group>"; };
		91C5C79D13DEF908002004A8 /* KSAUGraphAppDelegate.h */ = {isa = PBXFileReference; lastKnownFileType = sourcecode.c.h; path = KSAUGraphAppDelegate.h; sourceTree = "<group>"; };
		91C5C79E13DEF908002004A8 /* KSAUGraphAppDelegate.m */ = {isa = PBXFileReference; lastKnownFileType = sourcecode.c.objc; path = KSAUGraphAppDelegate.m; sourceTree = "<group>"; };
		91C5C7A113DEF908002004A8 /* en */ = {isa = PBXFileReference; lastKnownFileType = file.xib; name = en; path = en.lproj/MainWindow.xib; sourceTree = "<group>"; };
		91C5C7A313DEF908002004A8 /* KSAUGraphViewController.h */ = {isa = PBXFileReference; lastKnownFileType = sourcecode.c.h; path = KSAUGraphViewController.h; sourceTree = "<group>"; };
		91C5C7A413DEF908002004A8 /* KSAUGraphViewController.m */ = {isa = PBXFileReference; lastKnownFileType = sourcecode.c.objc; path = KSAUGraphViewController.m; sourceTree = "<group>"; };
		91C5C7A713DEF908002004A8 /* en */ = {isa = PBXFileReference; lastKnownFileType = file.xib; name = en; path = en.lproj/KSAUGraphViewController.xib; sourceTree = "<group>"; };
		91C5C7AE13DEF9EE002004A8 /* KSAUGraphManager.h */ = {isa = PBXFileReference; fileEncoding = 4; lastKnownFileType = sourcecode.c.h; name = KSAUGraphManager.h; path = KSAUGraph/KSAUGraphManager.h; sourceTree = "<group>"; };
		91C5C7AF13DEF9EE002004A8 /* KSAUGraphManager.m */ = {isa = PBXFileReference; fileEncoding = 4; lastKnownFileType = sourcecode.c.objc; name = KSAUGraphManager.m; path = KSAUGraph/KSAUGraphManager.m; sourceTree = "<group>"; };
		91C5C7B513DEFD00002004A8 /* iPhoneCoreAudio.h */ = {isa = PBXFileReference; fileEncoding = 4; lastKnownFileType = sourcecode.c.h; name = iPhoneCoreAudio.h; path = KSAUGraph/iPhoneCoreAudio.h; sourceTree = "<group>"; };
		91C5C7B613DEFD00002004A8 /* iPhoneCoreAudio.m */ = {isa = PBXFileReference; fileEncoding = 4; lastKnownFileType = sourcecode.c.objc; name = iPhoneCoreAudio.m; path = KSAUGraph/iPhoneCoreAudio.m; sourceTree = "<group>"; };
		91C5C7B813DF036D002004A8 /* AudioToolbox.framework */ = {isa = PBXFileReference; lastKnownFileType = wrapper.framework; name = AudioToolbox.framework; path = System/Library/Frameworks/AudioToolbox.framework; sourceTree = SDKROOT; };
/* End PBXFileReference section */

/* Begin PBXFrameworksBuildPhase section */
		91C5C78713DEF908002004A8 /* Frameworks */ = {
			isa = PBXFrameworksBuildPhase;
			buildActionMask = 2147483647;
			files = (
				91C5C7B913DF036D002004A8 /* AudioToolbox.framework in Frameworks */,
				91C5C78F13DEF908002004A8 /* UIKit.framework in Frameworks */,
				91C5C79113DEF908002004A8 /* Foundation.framework in Frameworks */,
				91C5C79313DEF908002004A8 /* CoreGraphics.framework in Frameworks */,
			);
			runOnlyForDeploymentPostprocessing = 0;
		};
/* End PBXFrameworksBuildPhase section */

/* Begin PBXGroup section */
		91C5C77F13DEF908002004A8 = {
			isa = PBXGroup;
			children = (
				91C5C79413DEF908002004A8 /* KSAUGraph */,
				91C5C78D13DEF908002004A8 /* Frameworks */,
				91C5C78B13DEF908002004A8 /* Products */,
			);
			sourceTree = "<group>";
		};
		91C5C78B13DEF908002004A8 /* Products */ = {
			isa = PBXGroup;
			children = (
				91C5C78A13DEF908002004A8 /* KSAUGraph.app */,
			);
			name = Products;
			sourceTree = "<group>";
		};
		91C5C78D13DEF908002004A8 /* Frameworks */ = {
			isa = PBXGroup;
			children = (
				91C5C7B813DF036D002004A8 /* AudioToolbox.framework */,
				91C5C78E13DEF908002004A8 /* UIKit.framework */,
				91C5C79013DEF908002004A8 /* Foundation.framework */,
				91C5C79213DEF908002004A8 /* CoreGraphics.framework */,
			);
			name = Frameworks;
			sourceTree = "<group>";
		};
		91C5C79413DEF908002004A8 /* KSAUGraph */ = {
			isa = PBXGroup;
			children = (
				91C5C79D13DEF908002004A8 /* KSAUGraphAppDelegate.h */,
				91C5C79E13DEF908002004A8 /* KSAUGraphAppDelegate.m */,
				91C5C7A013DEF908002004A8 /* MainWindow.xib */,
				91C5C7A313DEF908002004A8 /* KSAUGraphViewController.h */,
				91C5C7A413DEF908002004A8 /* KSAUGraphViewController.m */,
				91C5C7A613DEF908002004A8 /* KSAUGraphViewController.xib */,
				915454AB13E12E0B00603C58 /* analog_rest.caf */,
				915454AD13E1360F00603C58 /* real_tock.caf */,
				91C5C7B113DEFB8D002004A8 /* lib */,
				91C5C79513DEF908002004A8 /* Supporting Files */,
			);
			path = KSAUGraph;
			sourceTree = "<group>";
		};
		91C5C79513DEF908002004A8 /* Supporting Files */ = {
			isa = PBXGroup;
			children = (
				91C5C79613DEF908002004A8 /* KSAUGraph-Info.plist */,
				91C5C79713DEF908002004A8 /* InfoPlist.strings */,
				91C5C79A13DEF908002004A8 /* KSAUGraph-Prefix.pch */,
				91C5C79B13DEF908002004A8 /* main.m */,
			);
			name = "Supporting Files";
			sourceTree = "<group>";
		};
		91C5C7B113DEFB8D002004A8 /* lib */ = {
			isa = PBXGroup;
			children = (
				91C5C7AE13DEF9EE002004A8 /* KSAUGraphManager.h */,
				91C5C7AF13DEF9EE002004A8 /* KSAUGraphManager.m */,
				1A7E9D7313DFA0710006FCFA /* KSAUGraphNode.h */,
				1A7E9D7413DFA0710006FCFA /* KSAUGraphNode.m */,
				91C5C7B513DEFD00002004A8 /* iPhoneCoreAudio.h */,
				91C5C7B613DEFD00002004A8 /* iPhoneCoreAudio.m */,
			);
			name = lib;
			sourceTree = "<group>";
		};
/* End PBXGroup section */

/* Begin PBXNativeTarget section */
		91C5C78913DEF908002004A8 /* KSAUGraph */ = {
			isa = PBXNativeTarget;
			buildConfigurationList = 91C5C7AB13DEF909002004A8 /* Build configuration list for PBXNativeTarget "KSAUGraph" */;
			buildPhases = (
				91C5C78613DEF908002004A8 /* Sources */,
				91C5C78713DEF908002004A8 /* Frameworks */,
				91C5C78813DEF908002004A8 /* Resources */,
			);
			buildRules = (
			);
			dependencies = (
			);
			name = KSAUGraph;
			productName = KSAUGraph;
			productReference = 91C5C78A13DEF908002004A8 /* KSAUGraph.app */;
			productType = "com.apple.product-type.application";
		};
/* End PBXNativeTarget section */

/* Begin PBXProject section */
		91C5C78113DEF908002004A8 /* Project object */ = {
			isa = PBXProject;
			attributes = {
				ORGANIZATIONNAME = KatokichiSoft;
			};
			buildConfigurationList = 91C5C78413DEF908002004A8 /* Build configuration list for PBXProject "KSAUGraph" */;
			compatibilityVersion = "Xcode 3.2";
			developmentRegion = English;
			hasScannedForEncodings = 0;
			knownRegions = (
				en,
			);
			mainGroup = 91C5C77F13DEF908002004A8;
			productRefGroup = 91C5C78B13DEF908002004A8 /* Products */;
			projectDirPath = "";
			projectRoot = "";
			targets = (
				91C5C78913DEF908002004A8 /* KSAUGraph */,
			);
		};
/* End PBXProject section */

/* Begin PBXResourcesBuildPhase section */
		91C5C78813DEF908002004A8 /* Resources */ = {
			isa = PBXResourcesBuildPhase;
			buildActionMask = 2147483647;
			files = (
				91C5C79913DEF908002004A8 /* InfoPlist.strings in Resources */,
				91C5C7A213DEF908002004A8 /* MainWindow.xib in Resources */,
				91C5C7A813DEF908002004A8 /* KSAUGraphViewController.xib in Resources */,
				915454AC13E12E0B00603C58 /* analog_rest.caf in Resources */,
				915454AE13E1360F00603C58 /* real_tock.caf in Resources */,
			);
			runOnlyForDeploymentPostprocessing = 0;
		};
/* End PBXResourcesBuildPhase section */

/* Begin PBXSourcesBuildPhase section */
		91C5C78613DEF908002004A8 /* Sources */ = {
			isa = PBXSourcesBuildPhase;
			buildActionMask = 2147483647;
			files = (
				91C5C79C13DEF908002004A8 /* main.m in Sources */,
				91C5C79F13DEF908002004A8 /* KSAUGraphAppDelegate.m in Sources */,
				91C5C7A513DEF908002004A8 /* KSAUGraphViewController.m in Sources */,
				91C5C7B013DEF9EE002004A8 /* KSAUGraphManager.m in Sources */,
				91C5C7B713DEFD00002004A8 /* iPhoneCoreAudio.m in Sources */,
				1A7E9D7513DFA0710006FCFA /* KSAUGraphNode.m in Sources */,
			);
			runOnlyForDeploymentPostprocessing = 0;
		};
/* End PBXSourcesBuildPhase section */

/* Begin PBXVariantGroup section */
		91C5C79713DEF908002004A8 /* InfoPlist.strings */ = {
			isa = PBXVariantGroup;
			children = (
				91C5C79813DEF908002004A8 /* en */,
			);
			name = InfoPlist.strings;
			sourceTree = "<group>";
		};
		91C5C7A013DEF908002004A8 /* MainWindow.xib */ = {
			isa = PBXVariantGroup;
			children = (
				91C5C7A113DEF908002004A8 /* en */,
			);
			name = MainWindow.xib;
			sourceTree = "<group>";
		};
		91C5C7A613DEF908002004A8 /* KSAUGraphViewController.xib */ = {
			isa = PBXVariantGroup;
			children = (
				91C5C7A713DEF908002004A8 /* en */,
			);
			name = KSAUGraphViewController.xib;
			sourceTree = "<group>";
		};
/* End PBXVariantGroup section */

/* Begin XCBuildConfiguration section */
		91C5C7A913DEF908002004A8 /* Debug */ = {
			isa = XCBuildConfiguration;
			buildSettings = {
				ARCHS = "$(ARCHS_STANDARD_32_BIT)";
				"CODE_SIGN_IDENTITY[sdk=iphoneos*]" = "iPhone Developer";
				GCC_C_LANGUAGE_STANDARD = gnu99;
				GCC_OPTIMIZATION_LEVEL = 0;
				GCC_PREPROCESSOR_DEFINITIONS = DEBUG;
				GCC_SYMBOLS_PRIVATE_EXTERN = NO;
				GCC_VERSION = com.apple.compilers.llvmgcc42;
				GCC_WARN_ABOUT_RETURN_TYPE = YES;
				GCC_WARN_UNUSED_VARIABLE = YES;
				IPHONEOS_DEPLOYMENT_TARGET = 4.3;
				SDKROOT = iphoneos;
			};
			name = Debug;
		};
		91C5C7AA13DEF908002004A8 /* Release */ = {
			isa = XCBuildConfiguration;
			buildSettings = {
				ARCHS = "$(ARCHS_STANDARD_32_BIT)";
				"CODE_SIGN_IDENTITY[sdk=iphoneos*]" = "iPhone Developer";
				GCC_C_LANGUAGE_STANDARD = gnu99;
				GCC_VERSION = com.apple.compilers.llvmgcc42;
				GCC_WARN_ABOUT_RETURN_TYPE = YES;
				GCC_WARN_UNUSED_VARIABLE = YES;
				IPHONEOS_DEPLOYMENT_TARGET = 4.3;
				OTHER_CFLAGS = "-DNS_BLOCK_ASSERTIONS=1";
				SDKROOT = iphoneos;
			};
			name = Release;
		};
		91C5C7AC13DEF909002004A8 /* Debug */ = {
			isa = XCBuildConfiguration;
			buildSettings = {
				ALWAYS_SEARCH_USER_PATHS = NO;
				COPY_PHASE_STRIP = NO;
				GCC_DYNAMIC_NO_PIC = NO;
				GCC_PRECOMPILE_PREFIX_HEADER = YES;
				GCC_PREFIX_HEADER = "KSAUGraph/KSAUGraph-Prefix.pch";
				INFOPLIST_FILE = "KSAUGraph/KSAUGraph-Info.plist";
				PRODUCT_NAME = "$(TARGET_NAME)";
				WRAPPER_EXTENSION = app;
			};
			name = Debug;
		};
		91C5C7AD13DEF909002004A8 /* Release */ = {
			isa = XCBuildConfiguration;
			buildSettings = {
				ALWAYS_SEARCH_USER_PATHS = NO;
				COPY_PHASE_STRIP = YES;
				GCC_PRECOMPILE_PREFIX_HEADER = YES;
				GCC_PREFIX_HEADER = "KSAUGraph/KSAUGraph-Prefix.pch";
				INFOPLIST_FILE = "KSAUGraph/KSAUGraph-Info.plist";
				PRODUCT_NAME = "$(TARGET_NAME)";
				VALIDATE_PRODUCT = YES;
				WRAPPER_EXTENSION = app;
			};
			name = Release;
		};
/* End XCBuildConfiguration section */

/* Begin XCConfigurationList section */
		91C5C78413DEF908002004A8 /* Build configuration list for PBXProject "KSAUGraph" */ = {
			isa = XCConfigurationList;
			buildConfigurations = (
				91C5C7A913DEF908002004A8 /* Debug */,
				91C5C7AA13DEF908002004A8 /* Release */,
			);
			defaultConfigurationIsVisible = 0;
			defaultConfigurationName = Release;
		};
		91C5C7AB13DEF909002004A8 /* Build configuration list for PBXNativeTarget "KSAUGraph" */ = {
			isa = XCConfigurationList;
			buildConfigurations = (
				91C5C7AC13DEF909002004A8 /* Debug */,
				91C5C7AD13DEF909002004A8 /* Release */,
			);
			defaultConfigurationIsVisible = 0;
			defaultConfigurationName = Release;
		};
/* End XCConfigurationList section */
	};
	rootObject = 91C5C78113DEF908002004A8 /* Project object */;
}
